schema: '2.0'
stages:
  prepare_dataset:
    cmd: uv run python -m src.data.prepare_dataset --input datasets/dataset.csv 
      --output data/processed/clean_tracks.csv --report 
      reports/data_prep_report.json
    deps:
    - path: datasets/dataset.csv
      hash: md5
      md5: d1a065ee8d412a460b14bcf2871fe054
      size: 20118031
    - path: src/data/prepare_dataset.py
      hash: md5
      md5: aafa98422d969d30580af03a458ca2ed
      size: 7569
    outs:
    - path: data/processed/clean_tracks.csv
      hash: md5
      md5: 383572c42279f59774261c16dad24a06
      size: 8684714
    - path: reports/data_prep_report.json
      hash: md5
      md5: bbcc124e647c3cfe1c83c6cf15f90376
      size: 445
  prepare_training_data:
    cmd: uv run python -m src.ml.prepare_training_data --input 
      data/processed/clean_tracks.csv --train-output 
      data/features/train_popularity.csv --valid-output 
      data/features/valid_popularity.csv --report reports/feature_report.json 
      --test-size 0.2 --random-state 7 --min-genre-frequency 40
    deps:
    - path: data/processed/clean_tracks.csv
      hash: md5
      md5: 383572c42279f59774261c16dad24a06
      size: 8684714
    - path: src/ml/prepare_training_data.py
      hash: md5
      md5: 8a79032b34582c9dbe481753c8cf3d54
      size: 4744
    params:
      params.yaml:
        features.min_genre_frequency: 40
        split.random_state: 7
        split.test_size: 0.2
    outs:
    - path: data/features/train_popularity.csv
      hash: md5
      md5: 058447400ed550117169b5fe1d3b9f16
      size: 5705707
    - path: data/features/valid_popularity.csv
      hash: md5
      md5: ed080a003fac2563504ab248d30a05ff
      size: 1426501
    - path: reports/feature_report.json
      hash: md5
      md5: b0f829e7ca6082e61aeb5c795a46a801
      size: 399
  train_popularity_model:
    cmd: uv run python -m src.ml.train_popularity_model --train 
      data/features/train_popularity.csv --valid 
      data/features/valid_popularity.csv --model models/popylarity_model.joblib 
      --metrics reports/model_metrics.json --predictions 
      reports/validation_predictions.csv --random-state 42 --n-estimators 256 
      --max-depth 3 --min-samples-leaf 2
    deps:
    - path: data/features/train_popularity.csv
      hash: md5
      md5: 058447400ed550117169b5fe1d3b9f16
      size: 5705707
    - path: data/features/valid_popularity.csv
      hash: md5
      md5: ed080a003fac2563504ab248d30a05ff
      size: 1426501
    - path: src/ml/train_popularity_model.py
      hash: md5
      md5: d7c90a44e1d1ef9cb5c07324e6844525
      size: 7023
    params:
      params.yaml:
        training.max_depth: 3
        training.min_samples_leaf: 2
        training.n_estimators: 256
        training.random_state: 42
    outs:
    - path: models/popylarity_model.joblib
      hash: md5
      md5: 28ec3005a949a02375fd9c8ca220ff51
      size: 370531
    - path: reports/model_metrics.json
      hash: md5
      md5: b71025f3a0b2e2b0d448637458ac1d7b
      size: 1565
    - path: reports/validation_predictions.csv
      hash: md5
      md5: a8875f67596c5584fccc0d1ca93da67d
      size: 741882
